
Microsoft Visual Studio Solution File, Format Version 12.00
# Visual Studio Version 16
VisualStudioVersion = 16.0.29911.84
MinimumVisualStudioVersion = 10.0.40219.1
Project("{FAE04EC0-301F-11D3-BF4B-00C04F79EFBC}") = "MediatRTransactions", "MediatRTransactions\MediatRTransactions.csproj", "{408B2DE7-532B-4233-82E8-E05E69C4C428}"
EndProject
Project("{FAE04EC0-301F-11D3-BF4B-00C04F79EFBC}") = "MediatRTransactions.Tests", "MediatRTransactions.Tests\MediatRTransactions.Tests.csproj", "{18351450-8E30-4C2D-8AF5-75B082D2B458}"
EndProject
Global
	GlobalSection(SolutionConfigurationPlatforms) = preSolution
		Debug|Any CPU = Debug|Any CPU
		Release|Any CPU = Release|Any CPU
	EndGlobalSection
	GlobalSection(ProjectConfigurationPlatforms) = postSolution
		{408B2DE7-532B-4233-82E8-E05E69C4C428}.Debug|Any CPU.ActiveCfg = Debug|Any CPU
		{408B2DE7-532B-4233-82E8-E05E69C4C428}.Debug|Any CPU.Build.0 = Debug|Any CPU
		{408B2DE7-532B-4233-82E8-E05E69C4C428}.Release|Any CPU.ActiveCfg = Release|Any CPU
		{408B2DE7-532B-4233-82E8-E05E69C4C428}.Release|Any CPU.Build.0 = Release|Any CPU
		{18351450-8E30-4C2D-8AF5-75B082D2B458}.Debug|Any CPU.ActiveCfg = Debug|Any CPU
		{18351450-8E30-4C2D-8AF5-75B082D2B458}.Debug|Any CPU.Build.0 = Debug|Any CPU
		{18351450-8E30-4C2D-8AF5-75B082D2B458}.Release|Any CPU.ActiveCfg = Release|Any CPU
		{18351450-8E30-4C2D-8AF5-75B082D2B458}.Release|Any CPU.Build.0 = Release|Any CPU
	EndGlobalSection
	GlobalSection(SolutionProperties) = preSolution
		HideSolutionNode = FALSE
	EndGlobalSection
	GlobalSection(ExtensibilityGlobals) = postSolution
		SolutionGuid = {EDB119AB-5AF9-4B56-BE64-E173B22027FE}
	EndGlobalSection
EndGlobal
